
Microsoft Visual Studio Solution File, Format Version 12.00
# Visual Studio Version 16
VisualStudioVersion = 16.0.31025.194
MinimumVisualStudioVersion = 10.0.40219.1
Project("{FAE04EC0-301F-11D3-BF4B-00C04F79EFBC}") = "RenderingWithShapes", "RenderingWithShapes\RenderingWithShapes.csproj", "{547F63F4-9710-4E0D-88C7-CCDF8F1953B8}"
EndProject
Project("{2150E333-8FDC-42A3-9474-1A3956D46DE8}") = "WpfVisualization", "WpfVisualization", "{4D181058-00C1-416B-9999-C8B0C66E063D}"
EndProject
Project("{FAE04EC0-301F-11D3-BF4B-00C04F79EFBC}") = "FunWithTransforms", "FunWithTransforms\FunWithTransforms.csproj", "{6306B7A4-7E0B-4586-86AE-0D6031FB0F3A}"
EndProject
Project("{FAE04EC0-301F-11D3-BF4B-00C04F79EFBC}") = "RenderingWithVisuals", "RenderingWithVisuals\RenderingWithVisuals.csproj", "{EE7288C1-8D09-46D0-AC5E-DB2EE3624AAC}"
EndProject
Project("{2150E333-8FDC-42A3-9474-1A3956D46DE8}") = "WpfResourcesAnimationStylesTemplates", "WpfResourcesAnimationStylesTemplates", "{20E3D8FF-71B6-43B8-8178-DFBA0781604E}"
EndProject
Project("{FAE04EC0-301F-11D3-BF4B-00C04F79EFBC}") = "BinaryResourcesApp", "BinaryResourcesApp\BinaryResourcesApp.csproj", "{28567A21-1CC1-4C5E-BD98-019F97AE82EB}"
EndProject
Project("{FAE04EC0-301F-11D3-BF4B-00C04F79EFBC}") = "ObjectResourcesApp", "ObjectResourcesApp\ObjectResourcesApp.csproj", "{55C0B8BE-9B89-4E76-9CD5-771AC149F4B4}"
EndProject
Project("{FAE04EC0-301F-11D3-BF4B-00C04F79EFBC}") = "MyBrushesLibrary", "MyBrushesLibrary\MyBrushesLibrary.csproj", "{F520E375-8F2C-4F9B-BB5F-599310BA8ED7}"
EndProject
Project("{FAE04EC0-301F-11D3-BF4B-00C04F79EFBC}") = "SpinningButtonAnimationApp", "SpinningButtonAnimationApp\SpinningButtonAnimationApp.csproj", "{25041E58-90DF-4B02-9537-69C125B77C52}"
EndProject
Project("{FAE04EC0-301F-11D3-BF4B-00C04F79EFBC}") = "WpfStyles", "WpfStyles\WpfStyles.csproj", "{C47DC93C-E44B-4C78-AC3B-EA12EAEB90E0}"
EndProject
Project("{FAE04EC0-301F-11D3-BF4B-00C04F79EFBC}") = "TreesAndTemplatesApp", "TreesAndTemplatesApp\TreesAndTemplatesApp.csproj", "{CCA2A196-B532-4F91-A602-3CEA8FBD608F}"
EndProject
Project("{FAE04EC0-301F-11D3-BF4B-00C04F79EFBC}") = "ButtonTemplate", "ButtonTemplate\ButtonTemplate.csproj", "{5212490D-01BE-45AB-9235-9429891EB866}"
EndProject
Project("{2150E333-8FDC-42A3-9474-1A3956D46DE8}") = "MVVM", "MVVM", "{F8EEA6CA-E4AD-4E60-99AB-0AD2CF14D295}"
EndProject
Project("{FAE04EC0-301F-11D3-BF4B-00C04F79EFBC}") = "WPFNotifications", "WPFNotifications\WPFNotifications.csproj", "{8D2063E4-4494-41A8-BA51-3E49C109D1D6}"
EndProject
Project("{2150E333-8FDC-42A3-9474-1A3956D46DE8}") = "ADO", "ADO", "{2A21F0E8-2909-4D30-867B-CA63B3DF25DD}"
EndProject
Project("{FAE04EC0-301F-11D3-BF4B-00C04F79EFBC}") = "DataProviderFactory", "DataProviderFactory\DataProviderFactory.csproj", "{9AA7A528-5D0F-4100-BC46-578E407B369A}"
EndProject
Project("{FAE04EC0-301F-11D3-BF4B-00C04F79EFBC}") = "AutoLotDataReader", "AutoLotDataReader\AutoLotDataReader.csproj", "{41125F23-73B7-4391-88FF-A96D1E4FE781}"
EndProject
Project("{FAE04EC0-301F-11D3-BF4B-00C04F79EFBC}") = "AutoLotDAL", "AutoLotDAL\AutoLotDAL.csproj", "{F71672BB-90A5-427E-B3DF-C916AF01214D}"
EndProject
Project("{FAE04EC0-301F-11D3-BF4B-00C04F79EFBC}") = "AutoLotClient", "AutoLotClient\AutoLotClient.csproj", "{C04354EB-C67A-4312-9EF1-2E8249105496}"
EndProject
Project("{2150E333-8FDC-42A3-9474-1A3956D46DE8}") = "EF", "EF", "{C24117B4-AAC4-40D0-9425-802ED0B75729}"
EndProject
Project("{FAE04EC0-301F-11D3-BF4B-00C04F79EFBC}") = "AutoLotConsoleApplication", "AutoLotConsoleApplication\AutoLotConsoleApplication.csproj", "{58524FB3-C70A-44E4-9224-C96F4D59FEF6}"
EndProject
Project("{FAE04EC0-301F-11D3-BF4B-00C04F79EFBC}") = "AutoLotDALFinish", "AutoLotDALFinish\AutoLotDALFinish.csproj", "{975B83CA-C32D-4BF9-B878-1B2F7628FEE1}"
EndProject
Project("{FAE04EC0-301F-11D3-BF4B-00C04F79EFBC}") = "AutoLotTestDrive", "AutoLotTestDrive\AutoLotTestDrive.csproj", "{EFF32C98-835F-4BF9-909E-391892093EA1}"
EndProject
Project("{2150E333-8FDC-42A3-9474-1A3956D46DE8}") = "ASP", "ASP", "{C85715A5-A1B6-4B6E-BECA-63E3137EDB6D}"
EndProject
Project("{FAE04EC0-301F-11D3-BF4B-00C04F79EFBC}") = "CarLotMVC", "CarLotMVC\CarLotMVC.csproj", "{837C3818-055E-40FA-912A-FF996B1BDC1A}"
EndProject
Project("{FAE04EC0-301F-11D3-BF4B-00C04F79EFBC}") = "CarLotWebApi", "CarLotWebApi\CarLotWebApi.csproj", "{51E736B4-0457-4B16-92E2-69CED8A28E15}"
EndProject
Project("{2150E333-8FDC-42A3-9474-1A3956D46DE8}") = "Other", "Other", "{681127EC-F9EC-4362-BC13-F419BA695802}"
EndProject
Project("{FAE04EC0-301F-11D3-BF4B-00C04F79EFBC}") = "DefaultAppDomainApp", "DefaultAppDomainApp\DefaultAppDomainApp.csproj", "{5B3623EB-C52E-42A5-9E58-72F86E74031F}"
EndProject
Project("{FAE04EC0-301F-11D3-BF4B-00C04F79EFBC}") = "CustomAppDomain", "CustomAppDomain\CustomAppDomain.csproj", "{6BA81DF1-62DE-42B8-B1BC-7DFC11D069DB}"
EndProject
Project("{FAE04EC0-301F-11D3-BF4B-00C04F79EFBC}") = "ObjectContextApp", "ObjectContextApp\ObjectContextApp.csproj", "{8B579440-3D45-4663-8B4C-692DE5244D14}"
EndProject
Project("{2150E333-8FDC-42A3-9474-1A3956D46DE8}") = "CIL", "CIL", "{A9D04F6B-5907-4671-9402-B84A34A046B5}"
EndProject
Project("{FAE04EC0-301F-11D3-BF4B-00C04F79EFBC}") = "MyAsmBuilder", "MyAsmBuilder\MyAsmBuilder.csproj", "{20FDE5E9-4EA2-490E-8B57-B67DDD1BD5F0}"
EndProject
Global
	GlobalSection(SolutionConfigurationPlatforms) = preSolution
		Debug|Any CPU = Debug|Any CPU
		Release|Any CPU = Release|Any CPU
	EndGlobalSection
	GlobalSection(ProjectConfigurationPlatforms) = postSolution
		{547F63F4-9710-4E0D-88C7-CCDF8F1953B8}.Debug|Any CPU.ActiveCfg = Debug|Any CPU
		{547F63F4-9710-4E0D-88C7-CCDF8F1953B8}.Debug|Any CPU.Build.0 = Debug|Any CPU
		{547F63F4-9710-4E0D-88C7-CCDF8F1953B8}.Release|Any CPU.ActiveCfg = Release|Any CPU
		{547F63F4-9710-4E0D-88C7-CCDF8F1953B8}.Release|Any CPU.Build.0 = Release|Any CPU
		{6306B7A4-7E0B-4586-86AE-0D6031FB0F3A}.Debug|Any CPU.ActiveCfg = Debug|Any CPU
		{6306B7A4-7E0B-4586-86AE-0D6031FB0F3A}.Debug|Any CPU.Build.0 = Debug|Any CPU
		{6306B7A4-7E0B-4586-86AE-0D6031FB0F3A}.Release|Any CPU.ActiveCfg = Release|Any CPU
		{6306B7A4-7E0B-4586-86AE-0D6031FB0F3A}.Release|Any CPU.Build.0 = Release|Any CPU
		{EE7288C1-8D09-46D0-AC5E-DB2EE3624AAC}.Debug|Any CPU.ActiveCfg = Debug|Any CPU
		{EE7288C1-8D09-46D0-AC5E-DB2EE3624AAC}.Debug|Any CPU.Build.0 = Debug|Any CPU
		{EE7288C1-8D09-46D0-AC5E-DB2EE3624AAC}.Release|Any CPU.ActiveCfg = Release|Any CPU
		{EE7288C1-8D09-46D0-AC5E-DB2EE3624AAC}.Release|Any CPU.Build.0 = Release|Any CPU
		{28567A21-1CC1-4C5E-BD98-019F97AE82EB}.Debug|Any CPU.ActiveCfg = Debug|Any CPU
		{28567A21-1CC1-4C5E-BD98-019F97AE82EB}.Debug|Any CPU.Build.0 = Debug|Any CPU
		{28567A21-1CC1-4C5E-BD98-019F97AE82EB}.Release|Any CPU.ActiveCfg = Release|Any CPU
		{28567A21-1CC1-4C5E-BD98-019F97AE82EB}.Release|Any CPU.Build.0 = Release|Any CPU
		{55C0B8BE-9B89-4E76-9CD5-771AC149F4B4}.Debug|Any CPU.ActiveCfg = Debug|Any CPU
		{55C0B8BE-9B89-4E76-9CD5-771AC149F4B4}.Debug|Any CPU.Build.0 = Debug|Any CPU
		{55C0B8BE-9B89-4E76-9CD5-771AC149F4B4}.Release|Any CPU.ActiveCfg = Release|Any CPU
		{55C0B8BE-9B89-4E76-9CD5-771AC149F4B4}.Release|Any CPU.Build.0 = Release|Any CPU
		{F520E375-8F2C-4F9B-BB5F-599310BA8ED7}.Debug|Any CPU.ActiveCfg = Debug|Any CPU
		{F520E375-8F2C-4F9B-BB5F-599310BA8ED7}.Debug|Any CPU.Build.0 = Debug|Any CPU
		{F520E375-8F2C-4F9B-BB5F-599310BA8ED7}.Release|Any CPU.ActiveCfg = Release|Any CPU
		{F520E375-8F2C-4F9B-BB5F-599310BA8ED7}.Release|Any CPU.Build.0 = Release|Any CPU
		{25041E58-90DF-4B02-9537-69C125B77C52}.Debug|Any CPU.ActiveCfg = Debug|Any CPU
		{25041E58-90DF-4B02-9537-69C125B77C52}.Debug|Any CPU.Build.0 = Debug|Any CPU
		{25041E58-90DF-4B02-9537-69C125B77C52}.Release|Any CPU.ActiveCfg = Release|Any CPU
		{25041E58-90DF-4B02-9537-69C125B77C52}.Release|Any CPU.Build.0 = Release|Any CPU
		{C47DC93C-E44B-4C78-AC3B-EA12EAEB90E0}.Debug|Any CPU.ActiveCfg = Debug|Any CPU
		{C47DC93C-E44B-4C78-AC3B-EA12EAEB90E0}.Debug|Any CPU.Build.0 = Debug|Any CPU
		{C47DC93C-E44B-4C78-AC3B-EA12EAEB90E0}.Release|Any CPU.ActiveCfg = Release|Any CPU
		{C47DC93C-E44B-4C78-AC3B-EA12EAEB90E0}.Release|Any CPU.Build.0 = Release|Any CPU
		{CCA2A196-B532-4F91-A602-3CEA8FBD608F}.Debug|Any CPU.ActiveCfg = Debug|Any CPU
		{CCA2A196-B532-4F91-A602-3CEA8FBD608F}.Debug|Any CPU.Build.0 = Debug|Any CPU
		{CCA2A196-B532-4F91-A602-3CEA8FBD608F}.Release|Any CPU.ActiveCfg = Release|Any CPU
		{CCA2A196-B532-4F91-A602-3CEA8FBD608F}.Release|Any CPU.Build.0 = Release|Any CPU
		{5212490D-01BE-45AB-9235-9429891EB866}.Debug|Any CPU.ActiveCfg = Debug|Any CPU
		{5212490D-01BE-45AB-9235-9429891EB866}.Debug|Any CPU.Build.0 = Debug|Any CPU
		{5212490D-01BE-45AB-9235-9429891EB866}.Release|Any CPU.ActiveCfg = Release|Any CPU
		{5212490D-01BE-45AB-9235-9429891EB866}.Release|Any CPU.Build.0 = Release|Any CPU
		{8D2063E4-4494-41A8-BA51-3E49C109D1D6}.Debug|Any CPU.ActiveCfg = Debug|Any CPU
		{8D2063E4-4494-41A8-BA51-3E49C109D1D6}.Debug|Any CPU.Build.0 = Debug|Any CPU
		{8D2063E4-4494-41A8-BA51-3E49C109D1D6}.Release|Any CPU.ActiveCfg = Release|Any CPU
		{8D2063E4-4494-41A8-BA51-3E49C109D1D6}.Release|Any CPU.Build.0 = Release|Any CPU
		{9AA7A528-5D0F-4100-BC46-578E407B369A}.Debug|Any CPU.ActiveCfg = Debug|Any CPU
		{9AA7A528-5D0F-4100-BC46-578E407B369A}.Debug|Any CPU.Build.0 = Debug|Any CPU
		{9AA7A528-5D0F-4100-BC46-578E407B369A}.Release|Any CPU.ActiveCfg = Release|Any CPU
		{9AA7A528-5D0F-4100-BC46-578E407B369A}.Release|Any CPU.Build.0 = Release|Any CPU
		{41125F23-73B7-4391-88FF-A96D1E4FE781}.Debug|Any CPU.ActiveCfg = Debug|Any CPU
		{41125F23-73B7-4391-88FF-A96D1E4FE781}.Debug|Any CPU.Build.0 = Debug|Any CPU
		{41125F23-73B7-4391-88FF-A96D1E4FE781}.Release|Any CPU.ActiveCfg = Release|Any CPU
		{41125F23-73B7-4391-88FF-A96D1E4FE781}.Release|Any CPU.Build.0 = Release|Any CPU
		{F71672BB-90A5-427E-B3DF-C916AF01214D}.Debug|Any CPU.ActiveCfg = Debug|Any CPU
		{F71672BB-90A5-427E-B3DF-C916AF01214D}.Debug|Any CPU.Build.0 = Debug|Any CPU
		{F71672BB-90A5-427E-B3DF-C916AF01214D}.Release|Any CPU.ActiveCfg = Release|Any CPU
		{F71672BB-90A5-427E-B3DF-C916AF01214D}.Release|Any CPU.Build.0 = Release|Any CPU
		{C04354EB-C67A-4312-9EF1-2E8249105496}.Debug|Any CPU.ActiveCfg = Debug|Any CPU
		{C04354EB-C67A-4312-9EF1-2E8249105496}.Debug|Any CPU.Build.0 = Debug|Any CPU
		{C04354EB-C67A-4312-9EF1-2E8249105496}.Release|Any CPU.ActiveCfg = Release|Any CPU
		{C04354EB-C67A-4312-9EF1-2E8249105496}.Release|Any CPU.Build.0 = Release|Any CPU
		{58524FB3-C70A-44E4-9224-C96F4D59FEF6}.Debug|Any CPU.ActiveCfg = Debug|Any CPU
		{58524FB3-C70A-44E4-9224-C96F4D59FEF6}.Debug|Any CPU.Build.0 = Debug|Any CPU
		{58524FB3-C70A-44E4-9224-C96F4D59FEF6}.Release|Any CPU.ActiveCfg = Release|Any CPU
		{58524FB3-C70A-44E4-9224-C96F4D59FEF6}.Release|Any CPU.Build.0 = Release|Any CPU
		{975B83CA-C32D-4BF9-B878-1B2F7628FEE1}.Debug|Any CPU.ActiveCfg = Debug|Any CPU
		{975B83CA-C32D-4BF9-B878-1B2F7628FEE1}.Debug|Any CPU.Build.0 = Debug|Any CPU
		{975B83CA-C32D-4BF9-B878-1B2F7628FEE1}.Release|Any CPU.ActiveCfg = Release|Any CPU
		{975B83CA-C32D-4BF9-B878-1B2F7628FEE1}.Release|Any CPU.Build.0 = Release|Any CPU
		{EFF32C98-835F-4BF9-909E-391892093EA1}.Debug|Any CPU.ActiveCfg = Debug|Any CPU
		{EFF32C98-835F-4BF9-909E-391892093EA1}.Debug|Any CPU.Build.0 = Debug|Any CPU
		{EFF32C98-835F-4BF9-909E-391892093EA1}.Release|Any CPU.ActiveCfg = Release|Any CPU
		{EFF32C98-835F-4BF9-909E-391892093EA1}.Release|Any CPU.Build.0 = Release|Any CPU
		{837C3818-055E-40FA-912A-FF996B1BDC1A}.Debug|Any CPU.ActiveCfg = Debug|Any CPU
		{837C3818-055E-40FA-912A-FF996B1BDC1A}.Debug|Any CPU.Build.0 = Debug|Any CPU
		{837C3818-055E-40FA-912A-FF996B1BDC1A}.Release|Any CPU.ActiveCfg = Release|Any CPU
		{837C3818-055E-40FA-912A-FF996B1BDC1A}.Release|Any CPU.Build.0 = Release|Any CPU
		{51E736B4-0457-4B16-92E2-69CED8A28E15}.Debug|Any CPU.ActiveCfg = Debug|Any CPU
		{51E736B4-0457-4B16-92E2-69CED8A28E15}.Debug|Any CPU.Build.0 = Debug|Any CPU
		{51E736B4-0457-4B16-92E2-69CED8A28E15}.Release|Any CPU.ActiveCfg = Release|Any CPU
		{51E736B4-0457-4B16-92E2-69CED8A28E15}.Release|Any CPU.Build.0 = Release|Any CPU
		{5B3623EB-C52E-42A5-9E58-72F86E74031F}.Debug|Any CPU.ActiveCfg = Debug|Any CPU
		{5B3623EB-C52E-42A5-9E58-72F86E74031F}.Debug|Any CPU.Build.0 = Debug|Any CPU
		{5B3623EB-C52E-42A5-9E58-72F86E74031F}.Release|Any CPU.ActiveCfg = Release|Any CPU
		{5B3623EB-C52E-42A5-9E58-72F86E74031F}.Release|Any CPU.Build.0 = Release|Any CPU
		{6BA81DF1-62DE-42B8-B1BC-7DFC11D069DB}.Debug|Any CPU.ActiveCfg = Debug|Any CPU
		{6BA81DF1-62DE-42B8-B1BC-7DFC11D069DB}.Debug|Any CPU.Build.0 = Debug|Any CPU
		{6BA81DF1-62DE-42B8-B1BC-7DFC11D069DB}.Release|Any CPU.ActiveCfg = Release|Any CPU
		{6BA81DF1-62DE-42B8-B1BC-7DFC11D069DB}.Release|Any CPU.Build.0 = Release|Any CPU
		{8B579440-3D45-4663-8B4C-692DE5244D14}.Debug|Any CPU.ActiveCfg = Debug|Any CPU
		{8B579440-3D45-4663-8B4C-692DE5244D14}.Debug|Any CPU.Build.0 = Debug|Any CPU
		{8B579440-3D45-4663-8B4C-692DE5244D14}.Release|Any CPU.ActiveCfg = Release|Any CPU
		{8B579440-3D45-4663-8B4C-692DE5244D14}.Release|Any CPU.Build.0 = Release|Any CPU
		{20FDE5E9-4EA2-490E-8B57-B67DDD1BD5F0}.Debug|Any CPU.ActiveCfg = Debug|Any CPU
		{20FDE5E9-4EA2-490E-8B57-B67DDD1BD5F0}.Debug|Any CPU.Build.0 = Debug|Any CPU
		{20FDE5E9-4EA2-490E-8B57-B67DDD1BD5F0}.Release|Any CPU.ActiveCfg = Release|Any CPU
		{20FDE5E9-4EA2-490E-8B57-B67DDD1BD5F0}.Release|Any CPU.Build.0 = Release|Any CPU
	EndGlobalSection
	GlobalSection(SolutionProperties) = preSolution
		HideSolutionNode = FALSE
	EndGlobalSection
	GlobalSection(NestedProjects) = preSolution
		{547F63F4-9710-4E0D-88C7-CCDF8F1953B8} = {4D181058-00C1-416B-9999-C8B0C66E063D}
		{6306B7A4-7E0B-4586-86AE-0D6031FB0F3A} = {4D181058-00C1-416B-9999-C8B0C66E063D}
		{EE7288C1-8D09-46D0-AC5E-DB2EE3624AAC} = {4D181058-00C1-416B-9999-C8B0C66E063D}
		{28567A21-1CC1-4C5E-BD98-019F97AE82EB} = {20E3D8FF-71B6-43B8-8178-DFBA0781604E}
		{55C0B8BE-9B89-4E76-9CD5-771AC149F4B4} = {20E3D8FF-71B6-43B8-8178-DFBA0781604E}
		{F520E375-8F2C-4F9B-BB5F-599310BA8ED7} = {20E3D8FF-71B6-43B8-8178-DFBA0781604E}
		{25041E58-90DF-4B02-9537-69C125B77C52} = {20E3D8FF-71B6-43B8-8178-DFBA0781604E}
		{C47DC93C-E44B-4C78-AC3B-EA12EAEB90E0} = {20E3D8FF-71B6-43B8-8178-DFBA0781604E}
		{CCA2A196-B532-4F91-A602-3CEA8FBD608F} = {20E3D8FF-71B6-43B8-8178-DFBA0781604E}
		{5212490D-01BE-45AB-9235-9429891EB866} = {20E3D8FF-71B6-43B8-8178-DFBA0781604E}
		{8D2063E4-4494-41A8-BA51-3E49C109D1D6} = {F8EEA6CA-E4AD-4E60-99AB-0AD2CF14D295}
		{9AA7A528-5D0F-4100-BC46-578E407B369A} = {2A21F0E8-2909-4D30-867B-CA63B3DF25DD}
		{41125F23-73B7-4391-88FF-A96D1E4FE781} = {2A21F0E8-2909-4D30-867B-CA63B3DF25DD}
		{F71672BB-90A5-427E-B3DF-C916AF01214D} = {2A21F0E8-2909-4D30-867B-CA63B3DF25DD}
		{C04354EB-C67A-4312-9EF1-2E8249105496} = {2A21F0E8-2909-4D30-867B-CA63B3DF25DD}
		{58524FB3-C70A-44E4-9224-C96F4D59FEF6} = {C24117B4-AAC4-40D0-9425-802ED0B75729}
		{975B83CA-C32D-4BF9-B878-1B2F7628FEE1} = {C24117B4-AAC4-40D0-9425-802ED0B75729}
		{EFF32C98-835F-4BF9-909E-391892093EA1} = {C24117B4-AAC4-40D0-9425-802ED0B75729}
		{837C3818-055E-40FA-912A-FF996B1BDC1A} = {C85715A5-A1B6-4B6E-BECA-63E3137EDB6D}
		{51E736B4-0457-4B16-92E2-69CED8A28E15} = {C85715A5-A1B6-4B6E-BECA-63E3137EDB6D}
		{5B3623EB-C52E-42A5-9E58-72F86E74031F} = {681127EC-F9EC-4362-BC13-F419BA695802}
		{6BA81DF1-62DE-42B8-B1BC-7DFC11D069DB} = {681127EC-F9EC-4362-BC13-F419BA695802}
		{8B579440-3D45-4663-8B4C-692DE5244D14} = {681127EC-F9EC-4362-BC13-F419BA695802}
		{20FDE5E9-4EA2-490E-8B57-B67DDD1BD5F0} = {A9D04F6B-5907-4671-9402-B84A34A046B5}
	EndGlobalSection
	GlobalSection(ExtensibilityGlobals) = postSolution
		SolutionGuid = {9CD562D3-562C-462F-BC79-41C21053C533}
	EndGlobalSection
EndGlobal
